("quicklisp" .
 (:class qlot.source.ql:source-ql-all
  :initargs (:project-name "quicklisp" :%version :latest)
  :version "2018-08-31"))
("ps-experiment" .
 (:class qlot.source.github:source-github
  :initargs (:project-name "ps-experiment" :repos "eshamster/ps-experiment" :ref nil :branch nil :tag nil)
  :version "github-fd583ea3e5d31d9bc28f858caa252fcc7fa7935f"
  :repos "eshamster/ps-experiment"
  :url "https://github.com/eshamster/ps-experiment/archive/fd583ea3e5d31d9bc28f858caa252fcc7fa7935f.tar.gz"
  :ref "fd583ea3e5d31d9bc28f858caa252fcc7fa7935f"))
("cl-ps-ecs" .
 (:class qlot.source.github:source-github
  :initargs (:project-name "cl-ps-ecs" :repos "eshamster/cl-ps-ecs" :ref nil :branch nil :tag nil)
  :version "github-162eb35372d55ada3a2b58d80e004d7130c5462e"
  :repos "eshamster/cl-ps-ecs"
  :url "https://github.com/eshamster/cl-ps-ecs/archive/162eb35372d55ada3a2b58d80e004d7130c5462e.tar.gz"
  :ref "162eb35372d55ada3a2b58d80e004d7130c5462e"))
("cl-web-2d-game" .
 (:class qlot.source.github:source-github
  :initargs (:project-name "cl-web-2d-game" :repos "eshamster/cl-web-2d-game" :ref nil :branch nil :tag nil)
  :version "github-07d03c95b98aed2a9eab03ddb23fdf2c62df9d14"
  :repos "eshamster/cl-web-2d-game"
  :url "https://github.com/eshamster/cl-web-2d-game/archive/07d03c95b98aed2a9eab03ddb23fdf2c62df9d14.tar.gz"
  :ref "07d03c95b98aed2a9eab03ddb23fdf2c62df9d14"))
